
Microsoft Visual Studio Solution File, Format Version 12.00
# Visual Studio Version 17
VisualStudioVersion = 17.9.34728.123
MinimumVisualStudioVersion = 10.0.40219.1
Project("{FAE04EC0-301F-11D3-BF4B-00C04F79EFBC}") = "advanced_1", "advanced_1\advanced_1.csproj", "{F1131264-7D08-422A-8C27-4F863DD484D0}"
EndProject
Global
	GlobalSection(SolutionConfigurationPlatforms) = preSolution
		Debug|Any CPU = Debug|Any CPU
		Release|Any CPU = Release|Any CPU
	EndGlobalSection
	GlobalSection(ProjectConfigurationPlatforms) = postSolution
		{F1131264-7D08-422A-8C27-4F863DD484D0}.Debug|Any CPU.ActiveCfg = Debug|Any CPU
		{F1131264-7D08-422A-8C27-4F863DD484D0}.Debug|Any CPU.Build.0 = Debug|Any CPU
		{F1131264-7D08-422A-8C27-4F863DD484D0}.Release|Any CPU.ActiveCfg = Release|Any CPU
		{F1131264-7D08-422A-8C27-4F863DD484D0}.Release|Any CPU.Build.0 = Release|Any CPU
	EndGlobalSection
	GlobalSection(SolutionProperties) = preSolution
		HideSolutionNode = FALSE
	EndGlobalSection
	GlobalSection(ExtensibilityGlobals) = postSolution
		SolutionGuid = {1BD881A7-8FEF-4BAC-9487-2CBA8C85324B}
	EndGlobalSection
EndGlobal
